
Microsoft Visual Studio Solution File, Format Version 12.00
# Visual Studio Version 17
VisualStudioVersion = 17.5.002.0
MinimumVisualStudioVersion = 10.0.40219.1
Project("{9A19103F-16F7-4668-BE54-9A1E7A4F7556}") = "Calculator", "Calculator.csproj", "{B02E633E-89C6-4ECF-AB61-ECFD07477B39}"
EndProject
Global
	GlobalSection(SolutionConfigurationPlatforms) = preSolution
		Debug|Any CPU = Debug|Any CPU
		Release|Any CPU = Release|Any CPU
	EndGlobalSection
	GlobalSection(ProjectConfigurationPlatforms) = postSolution
		{B02E633E-89C6-4ECF-AB61-ECFD07477B39}.Debug|Any CPU.ActiveCfg = Debug|Any CPU
		{B02E633E-89C6-4ECF-AB61-ECFD07477B39}.Debug|Any CPU.Build.0 = Debug|Any CPU
		{B02E633E-89C6-4ECF-AB61-ECFD07477B39}.Release|Any CPU.ActiveCfg = Release|Any CPU
		{B02E633E-89C6-4ECF-AB61-ECFD07477B39}.Release|Any CPU.Build.0 = Release|Any CPU
	EndGlobalSection
	GlobalSection(SolutionProperties) = preSolution
		HideSolutionNode = FALSE
	EndGlobalSection
	GlobalSection(ExtensibilityGlobals) = postSolution
		SolutionGuid = {A0BAD032-CD16-4C98-AB33-9A3DD7DC2089}
	EndGlobalSection
EndGlobal
